// !$*UTF8*$!
{
	archiveVersion = 1;
	classes = {
	};
	objectVersion = 46;
	objects = {

/* Begin PBXBuildFile section */
		9E0E244E1D3EBB3800D90F16 /* AppDelegate.swift in Sources */ = {isa = PBXBuildFile; fileRef = 9E0E244D1D3EBB3800D90F16 /* AppDelegate.swift */; };
		9E0E24501D3EBB3800D90F16 /* ViewController.swift in Sources */ = {isa = PBXBuildFile; fileRef = 9E0E244F1D3EBB3800D90F16 /* ViewController.swift */; };
		9E0E24551D3EBB3800D90F16 /* Assets.xcassets in Resources */ = {isa = PBXBuildFile; fileRef = 9E0E24541D3EBB3800D90F16 /* Assets.xcassets */; };
		9E0E24581D3EBB3800D90F16 /* LaunchScreen.storyboard in Resources */ = {isa = PBXBuildFile; fileRef = 9E0E24561D3EBB3800D90F16 /* LaunchScreen.storyboard */; };
		9E0E24601D3ED8DD00D90F16 /* PixarEvents.plist in Resources */ = {isa = PBXBuildFile; fileRef = 9E0E245F1D3ED8DD00D90F16 /* PixarEvents.plist */; };
		9E0F69681D3FD53900808EDA /* EventsModel.swift in Sources */ = {isa = PBXBuildFile; fileRef = 9E0F69671D3FD53900808EDA /* EventsModel.swift */; };
		9E0F696A1D40003D00808EDA /* Main.storyboard in Resources */ = {isa = PBXBuildFile; fileRef = 9E0F69691D40003D00808EDA /* Main.storyboard */; };
		9E5ECC251D46A99A005D40B7 /* EndGameViewController.swift in Sources */ = {isa = PBXBuildFile; fileRef = 9E5ECC241D46A99A005D40B7 /* EndGameViewController.swift */; };
		9E92511F1D47BFA500FB6483 /* WebViewController.swift in Sources */ = {isa = PBXBuildFile; fileRef = 9E92511E1D47BFA500FB6483 /* WebViewController.swift */; };
/* End PBXBuildFile section */

/* Begin PBXFileReference section */
		9E0E244A1D3EBB3800D90F16 /* BoutTime.app */ = {isa = PBXFileReference; explicitFileType = wrapper.application; includeInIndex = 0; path = BoutTime.app; sourceTree = BUILT_PRODUCTS_DIR; };
		9E0E244D1D3EBB3800D90F16 /* AppDelegate.swift */ = {isa = PBXFileReference; lastKnownFileType = sourcecode.swift; path = AppDelegate.swift; sourceTree = "<group>"; };
		9E0E244F1D3EBB3800D90F16 /* ViewController.swift */ = {isa = PBXFileReference; lastKnownFileType = sourcecode.swift; path = ViewController.swift; sourceTree = "<group>"; };
		9E0E24541D3EBB3800D90F16 /* Assets.xcassets */ = {isa = PBXFileReference; lastKnownFileType = folder.assetcatalog; path = Assets.xcassets; sourceTree = "<group>"; };
		9E0E24571D3EBB3800D90F16 /* Base */ = {isa = PBXFileReference; lastKnownFileType = file.storyboard; name = Base; path = Base.lproj/LaunchScreen.storyboard; sourceTree = "<group>"; };
		9E0E24591D3EBB3800D90F16 /* Info.plist */ = {isa = PBXFileReference; lastKnownFileType = text.plist.xml; path = Info.plist; sourceTree = "<group>"; };
		9E0E245F1D3ED8DD00D90F16 /* PixarEvents.plist */ = {isa = PBXFileReference; fileEncoding = 4; lastKnownFileType = text.plist.xml; name = PixarEvents.plist; path = ../PixarEvents.plist; sourceTree = "<group>"; };
		9E0F69671D3FD53900808EDA /* EventsModel.swift */ = {isa = PBXFileReference; fileEncoding = 4; lastKnownFileType = sourcecode.swift; path = EventsModel.swift; sourceTree = "<group>"; };
		9E0F69691D40003D00808EDA /* Main.storyboard */ = {isa = PBXFileReference; fileEncoding = 4; lastKnownFileType = file.storyboard; path = Main.storyboard; sourceTree = "<group>"; };
		9E5ECC241D46A99A005D40B7 /* EndGameViewController.swift */ = {isa = PBXFileReference; fileEncoding = 4; lastKnownFileType = sourcecode.swift; path = EndGameViewController.swift; sourceTree = "<group>"; };
		9E92511E1D47BFA500FB6483 /* WebViewController.swift */ = {isa = PBXFileReference; fileEncoding = 4; lastKnownFileType = sourcecode.swift; path = WebViewController.swift; sourceTree = "<group>"; };
/* End PBXFileReference section */

/* Begin PBXFrameworksBuildPhase section */
		9E0E24471D3EBB3800D90F16 /* Frameworks */ = {
			isa = PBXFrameworksBuildPhase;
			buildActionMask = 2147483647;
			files = (
			);
			runOnlyForDeploymentPostprocessing = 0;
		};
/* End PBXFrameworksBuildPhase section */

/* Begin PBXGroup section */
		9E0E24411D3EBB3800D90F16 = {
			isa = PBXGroup;
			children = (
				9E0E244C1D3EBB3800D90F16 /* BoutTime */,
				9E0E244B1D3EBB3800D90F16 /* Products */,
			);
			sourceTree = "<group>";
		};
		9E0E244B1D3EBB3800D90F16 /* Products */ = {
			isa = PBXGroup;
			children = (
				9E0E244A1D3EBB3800D90F16 /* BoutTime.app */,
			);
			name = Products;
			sourceTree = "<group>";
		};
		9E0E244C1D3EBB3800D90F16 /* BoutTime */ = {
			isa = PBXGroup;
			children = (
				9E0E244D1D3EBB3800D90F16 /* AppDelegate.swift */,
				9E0E244F1D3EBB3800D90F16 /* ViewController.swift */,
				9E5ECC241D46A99A005D40B7 /* EndGameViewController.swift */,
				9E92511E1D47BFA500FB6483 /* WebViewController.swift */,
				9E0F69691D40003D00808EDA /* Main.storyboard */,
				9E0E24541D3EBB3800D90F16 /* Assets.xcassets */,
				9E0E24561D3EBB3800D90F16 /* LaunchScreen.storyboard */,
				9E0E24591D3EBB3800D90F16 /* Info.plist */,
				9E0E245F1D3ED8DD00D90F16 /* PixarEvents.plist */,
				9E0F69671D3FD53900808EDA /* EventsModel.swift */,
			);
			path = BoutTime;
			sourceTree = "<group>";
		};
/* End PBXGroup section */

/* Begin PBXNativeTarget section */
		9E0E24491D3EBB3800D90F16 /* BoutTime */ = {
			isa = PBXNativeTarget;
			buildConfigurationList = 9E0E245C1D3EBB3800D90F16 /* Build configuration list for PBXNativeTarget "BoutTime" */;
			buildPhases = (
				9E0E24461D3EBB3800D90F16 /* Sources */,
				9E0E24471D3EBB3800D90F16 /* Frameworks */,
				9E0E24481D3EBB3800D90F16 /* Resources */,
			);
			buildRules = (
			);
			dependencies = (
			);
			name = BoutTime;
			productName = BoutTime;
			productReference = 9E0E244A1D3EBB3800D90F16 /* BoutTime.app */;
			productType = "com.apple.product-type.application";
		};
/* End PBXNativeTarget section */

/* Begin PBXProject section */
		9E0E24421D3EBB3800D90F16 /* Project object */ = {
			isa = PBXProject;
			attributes = {
				LastSwiftUpdateCheck = 0730;
				LastUpgradeCheck = 0730;
				ORGANIZATIONNAME = JoLingenfelter;
				TargetAttributes = {
					9E0E24491D3EBB3800D90F16 = {
						CreatedOnToolsVersion = 7.3.1;
					};
				};
			};
			buildConfigurationList = 9E0E24451D3EBB3800D90F16 /* Build configuration list for PBXProject "BoutTime" */;
			compatibilityVersion = "Xcode 3.2";
			developmentRegion = English;
			hasScannedForEncodings = 0;
			knownRegions = (
				en,
				Base,
			);
			mainGroup = 9E0E24411D3EBB3800D90F16;
			productRefGroup = 9E0E244B1D3EBB3800D90F16 /* Products */;
			projectDirPath = "";
			projectRoot = "";
			targets = (
				9E0E24491D3EBB3800D90F16 /* BoutTime */,
			);
		};
/* End PBXProject section */

/* Begin PBXResourcesBuildPhase section */
		9E0E24481D3EBB3800D90F16 /* Resources */ = {
			isa = PBXResourcesBuildPhase;
			buildActionMask = 2147483647;
			files = (
				9E0E24581D3EBB3800D90F16 /* LaunchScreen.storyboard in Resources */,
				9E0E24551D3EBB3800D90F16 /* Assets.xcassets in Resources */,
				9E0E24601D3ED8DD00D90F16 /* PixarEvents.plist in Resources */,
				9E0F696A1D40003D00808EDA /* Main.storyboard in Resources */,
			);
			runOnlyForDeploymentPostprocessing = 0;
		};
/* End PBXResourcesBuildPhase section */

/* Begin PBXSourcesBuildPhase section */
		9E0E24461D3EBB3800D90F16 /* Sources */ = {
			isa = PBXSourcesBuildPhase;
			buildActionMask = 2147483647;
			files = (
				9E0E24501D3EBB3800D90F16 /* ViewController.swift in Sources */,
				9E0F69681D3FD53900808EDA /* EventsModel.swift in Sources */,
				9E5ECC251D46A99A005D40B7 /* EndGameViewController.swift in Sources */,
				9E92511F1D47BFA500FB6483 /* WebViewController.swift in Sources */,
				9E0E244E1D3EBB3800D90F16 /* AppDelegate.swift in Sources */,
			);
			runOnlyForDeploymentPostprocessing = 0;
		};
/* End PBXSourcesBuildPhase section */

/* Begin PBXVariantGroup section */
		9E0E24561D3EBB3800D90F16 /* LaunchScreen.storyboard */ = {
			isa = PBXVariantGroup;
			children = (
				9E0E24571D3EBB3800D90F16 /* Base */,
			);
			name = LaunchScreen.storyboard;
			sourceTree = "<group>";
		};
/* End PBXVariantGroup section */

/* Begin XCBuildConfiguration section */
		9E0E245A1D3EBB3800D90F16 /* Debug */ = {
			isa = XCBuildConfiguration;
			buildSettings = {
				ALWAYS_SEARCH_USER_PATHS = NO;
				CLANG_ANALYZER_NONNULL = YES;
				CLANG_CXX_LANGUAGE_STANDARD = "gnu++0x";
				CLANG_CXX_LIBRARY = "libc++";
				CLANG_ENABLE_MODULES = YES;
				CLANG_ENABLE_OBJC_ARC = YES;
				CLANG_WARN_BOOL_CONVERSION = YES;
				CLANG_WARN_CONSTANT_CONVERSION = YES;
				CLANG_WARN_DIRECT_OBJC_ISA_USAGE = YES_ERROR;
				CLANG_WARN_EMPTY_BODY = YES;
				CLANG_WARN_ENUM_CONVERSION = YES;
				CLANG_WARN_INT_CONVERSION = YES;
				CLANG_WARN_OBJC_ROOT_CLASS = YES_ERROR;
				CLANG_WARN_UNREACHABLE_CODE = YES;
				CLANG_WARN__DUPLICATE_METHOD_MATCH = YES;
				"CODE_SIGN_IDENTITY[sdk=iphoneos*]" = "iPhone Developer";
				COPY_PHASE_STRIP = NO;
				DEBUG_INFORMATION_FORMAT = dwarf;
				ENABLE_STRICT_OBJC_MSGSEND = YES;
				ENABLE_TESTABILITY = YES;
				GCC_C_LANGUAGE_STANDARD = gnu99;
				GCC_DYNAMIC_NO_PIC = NO;
				GCC_NO_COMMON_BLOCKS = YES;
				GCC_OPTIMIZATION_LEVEL = 0;
				GCC_PREPROCESSOR_DEFINITIONS = (
					"DEBUG=1",
					"$(inherited)",
				);
				GCC_WARN_64_TO_32_BIT_CONVERSION = YES;
				GCC_WARN_ABOUT_RETURN_TYPE = YES_ERROR;
				GCC_WARN_UNDECLARED_SELECTOR = YES;
				GCC_WARN_UNINITIALIZED_AUTOS = YES_AGGRESSIVE;
				GCC_WARN_UNUSED_FUNCTION = YES;
				GCC_WARN_UNUSED_VARIABLE = YES;
				IPHONEOS_DEPLOYMENT_TARGET = 9.3;
				MTL_ENABLE_DEBUG_INFO = YES;
				ONLY_ACTIVE_ARCH = YES;
				SDKROOT = iphoneos;
				SWIFT_OPTIMIZATION_LEVEL = "-Onone";
				TARGETED_DEVICE_FAMILY = "1,2";
			};
			name = Debug;
		};
		9E0E245B1D3EBB3800D90F16 /* Release */ = {
			isa = XCBuildConfiguration;
			buildSettings = {
				ALWAYS_SEARCH_USER_PATHS = NO;
				CLANG_ANALYZER_NONNULL = YES;
				CLANG_CXX_LANGUAGE_STANDARD = "gnu++0x";
				CLANG_CXX_LIBRARY = "libc++";
				CLANG_ENABLE_MODULES = YES;
				CLANG_ENABLE_OBJC_ARC = YES;
				CLANG_WARN_BOOL_CONVERSION = YES;
				CLANG_WARN_CONSTANT_CONVERSION = YES;
				CLANG_WARN_DIRECT_OBJC_ISA_USAGE = YES_ERROR;
				CLANG_WARN_EMPTY_BODY = YES;
				CLANG_WARN_ENUM_CONVERSION = YES;
				CLANG_WARN_INT_CONVERSION = YES;
				CLANG_WARN_OBJC_ROOT_CLASS = YES_ERROR;
				CLANG_WARN_UNREACHABLE_CODE = YES;
				CLANG_WARN__DUPLICATE_METHOD_MATCH = YES;
				"CODE_SIGN_IDENTITY[sdk=iphoneos*]" = "iPhone Developer";
				COPY_PHASE_STRIP = NO;
				DEBUG_INFORMATION_FORMAT = "dwarf-with-dsym";
				ENABLE_NS_ASSERTIONS = NO;
				ENABLE_STRICT_OBJC_MSGSEND = YES;
				GCC_C_LANGUAGE_STANDARD = gnu99;
				GCC_NO_COMMON_BLOCKS = YES;
				GCC_WARN_64_TO_32_BIT_CONVERSION = YES;
				GCC_WARN_ABOUT_RETURN_TYPE = YES_ERROR;
				GCC_WARN_UNDECLARED_SELECTOR = YES;
				GCC_WARN_UNINITIALIZED_AUTOS = YES_AGGRESSIVE;
				GCC_WARN_UNUSED_FUNCTION = YES;
				GCC_WARN_UNUSED_VARIABLE = YES;
				IPHONEOS_DEPLOYMENT_TARGET = 9.3;
				MTL_ENABLE_DEBUG_INFO = NO;
				SDKROOT = iphoneos;
				TARGETED_DEVICE_FAMILY = "1,2";
				VALIDATE_PRODUCT = YES;
			};
			name = Release;
		};
		9E0E245D1D3EBB3800D90F16 /* Debug */ = {
			isa = XCBuildConfiguration;
			buildSettings = {
				ASSETCATALOG_COMPILER_APPICON_NAME = AppIcon;
				INFOPLIST_FILE = BoutTime/Info.plist;
				LD_RUNPATH_SEARCH_PATHS = "$(inherited) @executable_path/Frameworks";
				PRODUCT_BUNDLE_IDENTIFIER = com.jolingenfelter.BoutTime;
				PRODUCT_NAME = "$(TARGET_NAME)";
			};
			name = Debug;
		};
		9E0E245E1D3EBB3800D90F16 /* Release */ = {
			isa = XCBuildConfiguration;
			buildSettings = {
				ASSETCATALOG_COMPILER_APPICON_NAME = AppIcon;
				INFOPLIST_FILE = BoutTime/Info.plist;
				LD_RUNPATH_SEARCH_PATHS = "$(inherited) @executable_path/Frameworks";
				PRODUCT_BUNDLE_IDENTIFIER = com.jolingenfelter.BoutTime;
				PRODUCT_NAME = "$(TARGET_NAME)";
			};
			name = Release;
		};
/* End XCBuildConfiguration section */

/* Begin XCConfigurationList section */
		9E0E24451D3EBB3800D90F16 /* Build configuration list for PBXProject "BoutTime" */ = {
			isa = XCConfigurationList;
			buildConfigurations = (
				9E0E245A1D3EBB3800D90F16 /* Debug */,
				9E0E245B1D3EBB3800D90F16 /* Release */,
			);
			defaultConfigurationIsVisible = 0;
			defaultConfigurationName = Release;
		};
		9E0E245C1D3EBB3800D90F16 /* Build configuration list for PBXNativeTarget "BoutTime" */ = {
			isa = XCConfigurationList;
			buildConfigurations = (
				9E0E245D1D3EBB3800D90F16 /* Debug */,
				9E0E245E1D3EBB3800D90F16 /* Release */,
			);
			defaultConfigurationIsVisible = 0;
			defaultConfigurationName = Release;
		};
/* End XCConfigurationList section */
	};
	rootObject = 9E0E24421D3EBB3800D90F16 /* Project object */;
}
